Microsoft Visual Studio Solution File, Format Version 12.00
# Visual Studio Version 16
VisualStudioVersion = 16.0.0.0
MinimumVisualStudioVersion = 16.0.0.0
Project("{9A19103F-16F7-4668-BE54-9A1E7A4F7556}") = "QuizGame", "QuizGame\QuizGame.csproj", "{B09B70DC-41D7-483E-BEB4-5F4190CA07D9}"
EndProject
Project("{9A19103F-16F7-4668-BE54-9A1E7A4F7556}") = "QuizGame.Client", "QuizGame.Client\QuizGame.Client.csproj", "{8F88918A-EAE5-49E5-989F-BE65D2E4E060}"
EndProject
Global
	GlobalSection(SolutionConfigurationPlatforms) = preSolution
		Debug|Any CPU = Debug|Any CPU
		Debug|x64 = Debug|x64
		Debug|x86 = Debug|x86
		Release|Any CPU = Release|Any CPU
		Release|x64 = Release|x64
		Release|x86 = Release|x86
	EndGlobalSection
	GlobalSection(ProjectConfigurationPlatforms) = postSolution
		{8F88918A-EAE5-49E5-989F-BE65D2E4E060}.Debug|Any CPU.ActiveCfg = Debug|Any CPU
		{8F88918A-EAE5-49E5-989F-BE65D2E4E060}.Debug|Any CPU.Build.0 = Debug|Any CPU
		{8F88918A-EAE5-49E5-989F-BE65D2E4E060}.Debug|x64.ActiveCfg = Debug|Any CPU
		{8F88918A-EAE5-49E5-989F-BE65D2E4E060}.Debug|x64.Build.0 = Debug|Any CPU
		{8F88918A-EAE5-49E5-989F-BE65D2E4E060}.Debug|x86.ActiveCfg = Debug|Any CPU
		{8F88918A-EAE5-49E5-989F-BE65D2E4E060}.Debug|x86.Build.0 = Debug|Any CPU
		{8F88918A-EAE5-49E5-989F-BE65D2E4E060}.Release|Any CPU.ActiveCfg = Release|Any CPU
		{8F88918A-EAE5-49E5-989F-BE65D2E4E060}.Release|Any CPU.Build.0 = Release|Any CPU
		{8F88918A-EAE5-49E5-989F-BE65D2E4E060}.Release|x64.ActiveCfg = Release|Any CPU
		{8F88918A-EAE5-49E5-989F-BE65D2E4E060}.Release|x64.Build.0 = Release|Any CPU
		{8F88918A-EAE5-49E5-989F-BE65D2E4E060}.Release|x86.ActiveCfg = Release|Any CPU
		{8F88918A-EAE5-49E5-989F-BE65D2E4E060}.Release|x86.Build.0 = Release|Any CPU
		{B09B70DC-41D7-483E-BEB4-5F4190CA07D9}.Debug|Any CPU.ActiveCfg = Debug|Any CPU
		{B09B70DC-41D7-483E-BEB4-5F4190CA07D9}.Debug|Any CPU.Build.0 = Debug|Any CPU
		{B09B70DC-41D7-483E-BEB4-5F4190CA07D9}.Debug|x64.ActiveCfg = Debug|Any CPU
		{B09B70DC-41D7-483E-BEB4-5F4190CA07D9}.Debug|x64.Build.0 = Debug|Any CPU
		{B09B70DC-41D7-483E-BEB4-5F4190CA07D9}.Debug|x86.ActiveCfg = Debug|Any CPU
		{B09B70DC-41D7-483E-BEB4-5F4190CA07D9}.Debug|x86.Build.0 = Debug|Any CPU
		{B09B70DC-41D7-483E-BEB4-5F4190CA07D9}.Release|Any CPU.ActiveCfg = Release|Any CPU
		{B09B70DC-41D7-483E-BEB4-5F4190CA07D9}.Release|Any CPU.Build.0 = Release|Any CPU
		{B09B70DC-41D7-483E-BEB4-5F4190CA07D9}.Release|x64.ActiveCfg = Release|Any CPU
		{B09B70DC-41D7-483E-BEB4-5F4190CA07D9}.Release|x64.Build.0 = Release|Any CPU
		{B09B70DC-41D7-483E-BEB4-5F4190CA07D9}.Release|x86.ActiveCfg = Release|Any CPU
		{B09B70DC-41D7-483E-BEB4-5F4190CA07D9}.Release|x86.Build.0 = Release|Any CPU
	EndGlobalSection
	GlobalSection(SolutionProperties) = preSolution
		HideSolutionNode = FALSE
	EndGlobalSection
	GlobalSection(ExtensibilityGlobals) = postSolution
		SolutionGuid = {F8963570-E83E-4020-B57C-5C55E421E4CA}
	EndGlobalSection
EndGlobal
